
Microsoft Visual Studio Solution File, Format Version 12.00
# Visual Studio Version 16
VisualStudioVersion = 16.0.29728.190
MinimumVisualStudioVersion = 10.0.40219.1
Project("{8BC9CEB8-8B4A-11D0-8D11-00A0C91BC942}") = "unit3-9", "unit3-9.vcxproj", "{55B59894-BF36-43E2-A6B3-B8DA067FCFBC}"
EndProject
Global
	GlobalSection(SolutionConfigurationPlatforms) = preSolution
		Debug|x64 = Debug|x64
		Debug|x86 = Debug|x86
		Release|x64 = Release|x64
		Release|x86 = Release|x86
	EndGlobalSection
	GlobalSection(ProjectConfigurationPlatforms) = postSolution
		{55B59894-BF36-43E2-A6B3-B8DA067FCFBC}.Debug|x64.ActiveCfg = Debug|x64
		{55B59894-BF36-43E2-A6B3-B8DA067FCFBC}.Debug|x64.Build.0 = Debug|x64
		{55B59894-BF36-43E2-A6B3-B8DA067FCFBC}.Debug|x86.ActiveCfg = Debug|Win32
		{55B59894-BF36-43E2-A6B3-B8DA067FCFBC}.Debug|x86.Build.0 = Debug|Win32
		{55B59894-BF36-43E2-A6B3-B8DA067FCFBC}.Release|x64.ActiveCfg = Release|x64
		{55B59894-BF36-43E2-A6B3-B8DA067FCFBC}.Release|x64.Build.0 = Release|x64
		{55B59894-BF36-43E2-A6B3-B8DA067FCFBC}.Release|x86.ActiveCfg = Release|Win32
		{55B59894-BF36-43E2-A6B3-B8DA067FCFBC}.Release|x86.Build.0 = Release|Win32
	EndGlobalSection
	GlobalSection(SolutionProperties) = preSolution
		HideSolutionNode = FALSE
	EndGlobalSection
	GlobalSection(ExtensibilityGlobals) = postSolution
		SolutionGuid = {7D36260B-6CFD-49A5-B53D-53FACD3EDEEB}
	EndGlobalSection
EndGlobal
