
Microsoft Visual Studio Solution File, Format Version 12.00
# Visual Studio Version 16
VisualStudioVersion = 16.0.29728.190
MinimumVisualStudioVersion = 10.0.40219.1
Project("{8BC9CEB8-8B4A-11D0-8D11-00A0C91BC942}") = "inheritance", "inheritance.vcxproj", "{114604C9-D50A-4540-B6EB-B08EE81E8DCA}"
EndProject
Global
	GlobalSection(SolutionConfigurationPlatforms) = preSolution
		Debug|x64 = Debug|x64
		Debug|x86 = Debug|x86
		Release|x64 = Release|x64
		Release|x86 = Release|x86
	EndGlobalSection
	GlobalSection(ProjectConfigurationPlatforms) = postSolution
		{114604C9-D50A-4540-B6EB-B08EE81E8DCA}.Debug|x64.ActiveCfg = Debug|x64
		{114604C9-D50A-4540-B6EB-B08EE81E8DCA}.Debug|x64.Build.0 = Debug|x64
		{114604C9-D50A-4540-B6EB-B08EE81E8DCA}.Debug|x86.ActiveCfg = Debug|Win32
		{114604C9-D50A-4540-B6EB-B08EE81E8DCA}.Debug|x86.Build.0 = Debug|Win32
		{114604C9-D50A-4540-B6EB-B08EE81E8DCA}.Release|x64.ActiveCfg = Release|x64
		{114604C9-D50A-4540-B6EB-B08EE81E8DCA}.Release|x64.Build.0 = Release|x64
		{114604C9-D50A-4540-B6EB-B08EE81E8DCA}.Release|x86.ActiveCfg = Release|Win32
		{114604C9-D50A-4540-B6EB-B08EE81E8DCA}.Release|x86.Build.0 = Release|Win32
	EndGlobalSection
	GlobalSection(SolutionProperties) = preSolution
		HideSolutionNode = FALSE
	EndGlobalSection
	GlobalSection(ExtensibilityGlobals) = postSolution
		SolutionGuid = {46C83350-EE7C-4BF0-9532-0A8BE89427AE}
	EndGlobalSection
EndGlobal
