
Microsoft Visual Studio Solution File, Format Version 12.00
# Visual Studio Version 16
VisualStudioVersion = 16.0.29728.190
MinimumVisualStudioVersion = 10.0.40219.1
Project("{8BC9CEB8-8B4A-11D0-8D11-00A0C91BC942}") = "unit4-7", "unit4-7.vcxproj", "{BC548DC7-325E-44C0-B21E-500A0DEC495A}"
EndProject
Global
	GlobalSection(SolutionConfigurationPlatforms) = preSolution
		Debug|x64 = Debug|x64
		Debug|x86 = Debug|x86
		Release|x64 = Release|x64
		Release|x86 = Release|x86
	EndGlobalSection
	GlobalSection(ProjectConfigurationPlatforms) = postSolution
		{BC548DC7-325E-44C0-B21E-500A0DEC495A}.Debug|x64.ActiveCfg = Debug|x64
		{BC548DC7-325E-44C0-B21E-500A0DEC495A}.Debug|x64.Build.0 = Debug|x64
		{BC548DC7-325E-44C0-B21E-500A0DEC495A}.Debug|x86.ActiveCfg = Debug|Win32
		{BC548DC7-325E-44C0-B21E-500A0DEC495A}.Debug|x86.Build.0 = Debug|Win32
		{BC548DC7-325E-44C0-B21E-500A0DEC495A}.Release|x64.ActiveCfg = Release|x64
		{BC548DC7-325E-44C0-B21E-500A0DEC495A}.Release|x64.Build.0 = Release|x64
		{BC548DC7-325E-44C0-B21E-500A0DEC495A}.Release|x86.ActiveCfg = Release|Win32
		{BC548DC7-325E-44C0-B21E-500A0DEC495A}.Release|x86.Build.0 = Release|Win32
	EndGlobalSection
	GlobalSection(SolutionProperties) = preSolution
		HideSolutionNode = FALSE
	EndGlobalSection
	GlobalSection(ExtensibilityGlobals) = postSolution
		SolutionGuid = {64F07D03-4ADE-4A8E-9F71-93C41BCDF5F0}
	EndGlobalSection
EndGlobal
