
Microsoft Visual Studio Solution File, Format Version 12.00
# Visual Studio Version 16
VisualStudioVersion = 16.0.29728.190
MinimumVisualStudioVersion = 10.0.40219.1
Project("{8BC9CEB8-8B4A-11D0-8D11-00A0C91BC942}") = "binaryNumber", "binaryNumber.vcxproj", "{32387E27-0821-4647-98D9-1CBC065C1FF0}"
EndProject
Global
	GlobalSection(SolutionConfigurationPlatforms) = preSolution
		Debug|x64 = Debug|x64
		Debug|x86 = Debug|x86
		Release|x64 = Release|x64
		Release|x86 = Release|x86
	EndGlobalSection
	GlobalSection(ProjectConfigurationPlatforms) = postSolution
		{32387E27-0821-4647-98D9-1CBC065C1FF0}.Debug|x64.ActiveCfg = Debug|x64
		{32387E27-0821-4647-98D9-1CBC065C1FF0}.Debug|x64.Build.0 = Debug|x64
		{32387E27-0821-4647-98D9-1CBC065C1FF0}.Debug|x86.ActiveCfg = Debug|Win32
		{32387E27-0821-4647-98D9-1CBC065C1FF0}.Debug|x86.Build.0 = Debug|Win32
		{32387E27-0821-4647-98D9-1CBC065C1FF0}.Release|x64.ActiveCfg = Release|x64
		{32387E27-0821-4647-98D9-1CBC065C1FF0}.Release|x64.Build.0 = Release|x64
		{32387E27-0821-4647-98D9-1CBC065C1FF0}.Release|x86.ActiveCfg = Release|Win32
		{32387E27-0821-4647-98D9-1CBC065C1FF0}.Release|x86.Build.0 = Release|Win32
	EndGlobalSection
	GlobalSection(SolutionProperties) = preSolution
		HideSolutionNode = FALSE
	EndGlobalSection
	GlobalSection(ExtensibilityGlobals) = postSolution
		SolutionGuid = {2BABDD9E-286C-4DC0-AA6C-D45DB5D105AC}
	EndGlobalSection
EndGlobal
