
Microsoft Visual Studio Solution File, Format Version 12.00
# Visual Studio Version 16
VisualStudioVersion = 16.0.29728.190
MinimumVisualStudioVersion = 10.0.40219.1
Project("{8BC9CEB8-8B4A-11D0-8D11-00A0C91BC942}") = "unit4-2", "unit4-2.vcxproj", "{0B97B0D9-5A0B-4085-A82F-A8D9DD892446}"
EndProject
Global
	GlobalSection(SolutionConfigurationPlatforms) = preSolution
		Debug|x64 = Debug|x64
		Debug|x86 = Debug|x86
		Release|x64 = Release|x64
		Release|x86 = Release|x86
	EndGlobalSection
	GlobalSection(ProjectConfigurationPlatforms) = postSolution
		{0B97B0D9-5A0B-4085-A82F-A8D9DD892446}.Debug|x64.ActiveCfg = Debug|x64
		{0B97B0D9-5A0B-4085-A82F-A8D9DD892446}.Debug|x64.Build.0 = Debug|x64
		{0B97B0D9-5A0B-4085-A82F-A8D9DD892446}.Debug|x86.ActiveCfg = Debug|Win32
		{0B97B0D9-5A0B-4085-A82F-A8D9DD892446}.Debug|x86.Build.0 = Debug|Win32
		{0B97B0D9-5A0B-4085-A82F-A8D9DD892446}.Release|x64.ActiveCfg = Release|x64
		{0B97B0D9-5A0B-4085-A82F-A8D9DD892446}.Release|x64.Build.0 = Release|x64
		{0B97B0D9-5A0B-4085-A82F-A8D9DD892446}.Release|x86.ActiveCfg = Release|Win32
		{0B97B0D9-5A0B-4085-A82F-A8D9DD892446}.Release|x86.Build.0 = Release|Win32
	EndGlobalSection
	GlobalSection(SolutionProperties) = preSolution
		HideSolutionNode = FALSE
	EndGlobalSection
	GlobalSection(ExtensibilityGlobals) = postSolution
		SolutionGuid = {279406A8-63CA-4B6A-B3E1-A6F85E9C9C37}
	EndGlobalSection
EndGlobal
