
Microsoft Visual Studio Solution File, Format Version 12.00
# Visual Studio Version 16
VisualStudioVersion = 16.0.30204.135
MinimumVisualStudioVersion = 10.0.40219.1
Project("{8BC9CEB8-8B4A-11D0-8D11-00A0C91BC942}") = "chap13-2", "chap13-2\chap13-2.vcxproj", "{27A3E3E2-F9A5-4377-9276-49A48EBA4FEF}"
EndProject
Global
	GlobalSection(SolutionConfigurationPlatforms) = preSolution
		Debug|x64 = Debug|x64
		Debug|x86 = Debug|x86
		Release|x64 = Release|x64
		Release|x86 = Release|x86
	EndGlobalSection
	GlobalSection(ProjectConfigurationPlatforms) = postSolution
		{27A3E3E2-F9A5-4377-9276-49A48EBA4FEF}.Debug|x64.ActiveCfg = Debug|x64
		{27A3E3E2-F9A5-4377-9276-49A48EBA4FEF}.Debug|x64.Build.0 = Debug|x64
		{27A3E3E2-F9A5-4377-9276-49A48EBA4FEF}.Debug|x86.ActiveCfg = Debug|Win32
		{27A3E3E2-F9A5-4377-9276-49A48EBA4FEF}.Debug|x86.Build.0 = Debug|Win32
		{27A3E3E2-F9A5-4377-9276-49A48EBA4FEF}.Release|x64.ActiveCfg = Release|x64
		{27A3E3E2-F9A5-4377-9276-49A48EBA4FEF}.Release|x64.Build.0 = Release|x64
		{27A3E3E2-F9A5-4377-9276-49A48EBA4FEF}.Release|x86.ActiveCfg = Release|Win32
		{27A3E3E2-F9A5-4377-9276-49A48EBA4FEF}.Release|x86.Build.0 = Release|Win32
	EndGlobalSection
	GlobalSection(SolutionProperties) = preSolution
		HideSolutionNode = FALSE
	EndGlobalSection
	GlobalSection(ExtensibilityGlobals) = postSolution
		SolutionGuid = {CD49F1C1-25E7-407A-BE02-A226188310C0}
	EndGlobalSection
EndGlobal
