
Microsoft Visual Studio Solution File, Format Version 12.00
# Visual Studio Version 16
VisualStudioVersion = 16.0.29728.190
MinimumVisualStudioVersion = 10.0.40219.1
Project("{8BC9CEB8-8B4A-11D0-8D11-00A0C91BC942}") = "unit8-4", "unit8-4.vcxproj", "{82D73132-B466-45AC-B2C0-106185B9405B}"
EndProject
Global
	GlobalSection(SolutionConfigurationPlatforms) = preSolution
		Debug|x64 = Debug|x64
		Debug|x86 = Debug|x86
		Release|x64 = Release|x64
		Release|x86 = Release|x86
	EndGlobalSection
	GlobalSection(ProjectConfigurationPlatforms) = postSolution
		{82D73132-B466-45AC-B2C0-106185B9405B}.Debug|x64.ActiveCfg = Debug|x64
		{82D73132-B466-45AC-B2C0-106185B9405B}.Debug|x64.Build.0 = Debug|x64
		{82D73132-B466-45AC-B2C0-106185B9405B}.Debug|x86.ActiveCfg = Debug|Win32
		{82D73132-B466-45AC-B2C0-106185B9405B}.Debug|x86.Build.0 = Debug|Win32
		{82D73132-B466-45AC-B2C0-106185B9405B}.Release|x64.ActiveCfg = Release|x64
		{82D73132-B466-45AC-B2C0-106185B9405B}.Release|x64.Build.0 = Release|x64
		{82D73132-B466-45AC-B2C0-106185B9405B}.Release|x86.ActiveCfg = Release|Win32
		{82D73132-B466-45AC-B2C0-106185B9405B}.Release|x86.Build.0 = Release|Win32
	EndGlobalSection
	GlobalSection(SolutionProperties) = preSolution
		HideSolutionNode = FALSE
	EndGlobalSection
	GlobalSection(ExtensibilityGlobals) = postSolution
		SolutionGuid = {C90F19C9-4C3D-48D0-9B91-528D986A2145}
	EndGlobalSection
EndGlobal
