
Microsoft Visual Studio Solution File, Format Version 12.00
# Visual Studio Version 16
VisualStudioVersion = 16.0.30204.135
MinimumVisualStudioVersion = 10.0.40219.1
Project("{8BC9CEB8-8B4A-11D0-8D11-00A0C91BC942}") = "DynamicQueues_19_5", "DynamicQueues_19_5\DynamicQueues_19_5.vcxproj", "{71132642-E051-4296-A3C8-CA8853B90ACD}"
EndProject
Global
	GlobalSection(SolutionConfigurationPlatforms) = preSolution
		Debug|x64 = Debug|x64
		Debug|x86 = Debug|x86
		Release|x64 = Release|x64
		Release|x86 = Release|x86
	EndGlobalSection
	GlobalSection(ProjectConfigurationPlatforms) = postSolution
		{71132642-E051-4296-A3C8-CA8853B90ACD}.Debug|x64.ActiveCfg = Debug|x64
		{71132642-E051-4296-A3C8-CA8853B90ACD}.Debug|x64.Build.0 = Debug|x64
		{71132642-E051-4296-A3C8-CA8853B90ACD}.Debug|x86.ActiveCfg = Debug|Win32
		{71132642-E051-4296-A3C8-CA8853B90ACD}.Debug|x86.Build.0 = Debug|Win32
		{71132642-E051-4296-A3C8-CA8853B90ACD}.Release|x64.ActiveCfg = Release|x64
		{71132642-E051-4296-A3C8-CA8853B90ACD}.Release|x64.Build.0 = Release|x64
		{71132642-E051-4296-A3C8-CA8853B90ACD}.Release|x86.ActiveCfg = Release|Win32
		{71132642-E051-4296-A3C8-CA8853B90ACD}.Release|x86.Build.0 = Release|Win32
	EndGlobalSection
	GlobalSection(SolutionProperties) = preSolution
		HideSolutionNode = FALSE
	EndGlobalSection
	GlobalSection(ExtensibilityGlobals) = postSolution
		SolutionGuid = {29CB51BF-94F7-4A53-A008-73E56FC19935}
	EndGlobalSection
EndGlobal
