
Microsoft Visual Studio Solution File, Format Version 12.00
# Visual Studio Version 16
VisualStudioVersion = 16.0.30204.135
MinimumVisualStudioVersion = 10.0.40219.1
Project("{8BC9CEB8-8B4A-11D0-8D11-00A0C91BC942}") = "chap9-14", "chap9-14\chap9-14.vcxproj", "{AC75ECB0-E98D-4CCA-B03D-2FD3A459FBA3}"
EndProject
Global
	GlobalSection(SolutionConfigurationPlatforms) = preSolution
		Debug|x64 = Debug|x64
		Debug|x86 = Debug|x86
		Release|x64 = Release|x64
		Release|x86 = Release|x86
	EndGlobalSection
	GlobalSection(ProjectConfigurationPlatforms) = postSolution
		{AC75ECB0-E98D-4CCA-B03D-2FD3A459FBA3}.Debug|x64.ActiveCfg = Debug|x64
		{AC75ECB0-E98D-4CCA-B03D-2FD3A459FBA3}.Debug|x64.Build.0 = Debug|x64
		{AC75ECB0-E98D-4CCA-B03D-2FD3A459FBA3}.Debug|x86.ActiveCfg = Debug|Win32
		{AC75ECB0-E98D-4CCA-B03D-2FD3A459FBA3}.Debug|x86.Build.0 = Debug|Win32
		{AC75ECB0-E98D-4CCA-B03D-2FD3A459FBA3}.Release|x64.ActiveCfg = Release|x64
		{AC75ECB0-E98D-4CCA-B03D-2FD3A459FBA3}.Release|x64.Build.0 = Release|x64
		{AC75ECB0-E98D-4CCA-B03D-2FD3A459FBA3}.Release|x86.ActiveCfg = Release|Win32
		{AC75ECB0-E98D-4CCA-B03D-2FD3A459FBA3}.Release|x86.Build.0 = Release|Win32
	EndGlobalSection
	GlobalSection(SolutionProperties) = preSolution
		HideSolutionNode = FALSE
	EndGlobalSection
	GlobalSection(ExtensibilityGlobals) = postSolution
		SolutionGuid = {43AB9787-B9AE-4FD9-B97E-31E7B3081A98}
	EndGlobalSection
EndGlobal
