
Microsoft Visual Studio Solution File, Format Version 12.00
# Visual Studio Version 16
VisualStudioVersion = 16.0.30204.135
MinimumVisualStudioVersion = 10.0.40219.1
Project("{8BC9CEB8-8B4A-11D0-8D11-00A0C91BC942}") = "chap13-11", "chap13-11\chap13-11.vcxproj", "{1CEE36B1-7212-4DF9-BED4-2121BD12CD77}"
EndProject
Global
	GlobalSection(SolutionConfigurationPlatforms) = preSolution
		Debug|x64 = Debug|x64
		Debug|x86 = Debug|x86
		Release|x64 = Release|x64
		Release|x86 = Release|x86
	EndGlobalSection
	GlobalSection(ProjectConfigurationPlatforms) = postSolution
		{1CEE36B1-7212-4DF9-BED4-2121BD12CD77}.Debug|x64.ActiveCfg = Debug|x64
		{1CEE36B1-7212-4DF9-BED4-2121BD12CD77}.Debug|x64.Build.0 = Debug|x64
		{1CEE36B1-7212-4DF9-BED4-2121BD12CD77}.Debug|x86.ActiveCfg = Debug|Win32
		{1CEE36B1-7212-4DF9-BED4-2121BD12CD77}.Debug|x86.Build.0 = Debug|Win32
		{1CEE36B1-7212-4DF9-BED4-2121BD12CD77}.Release|x64.ActiveCfg = Release|x64
		{1CEE36B1-7212-4DF9-BED4-2121BD12CD77}.Release|x64.Build.0 = Release|x64
		{1CEE36B1-7212-4DF9-BED4-2121BD12CD77}.Release|x86.ActiveCfg = Release|Win32
		{1CEE36B1-7212-4DF9-BED4-2121BD12CD77}.Release|x86.Build.0 = Release|Win32
	EndGlobalSection
	GlobalSection(SolutionProperties) = preSolution
		HideSolutionNode = FALSE
	EndGlobalSection
	GlobalSection(ExtensibilityGlobals) = postSolution
		SolutionGuid = {3C7E1BBF-8F04-491C-BAB6-D9884AC25591}
	EndGlobalSection
EndGlobal
