
Microsoft Visual Studio Solution File, Format Version 12.00
# Visual Studio Version 16
VisualStudioVersion = 16.0.29728.190
MinimumVisualStudioVersion = 10.0.40219.1
Project("{8BC9CEB8-8B4A-11D0-8D11-00A0C91BC942}") = "unit3-10", "unit3-10.vcxproj", "{AE159CE4-C3F5-4402-A298-7E57B04EDD72}"
EndProject
Global
	GlobalSection(SolutionConfigurationPlatforms) = preSolution
		Debug|x64 = Debug|x64
		Debug|x86 = Debug|x86
		Release|x64 = Release|x64
		Release|x86 = Release|x86
	EndGlobalSection
	GlobalSection(ProjectConfigurationPlatforms) = postSolution
		{AE159CE4-C3F5-4402-A298-7E57B04EDD72}.Debug|x64.ActiveCfg = Debug|x64
		{AE159CE4-C3F5-4402-A298-7E57B04EDD72}.Debug|x64.Build.0 = Debug|x64
		{AE159CE4-C3F5-4402-A298-7E57B04EDD72}.Debug|x86.ActiveCfg = Debug|Win32
		{AE159CE4-C3F5-4402-A298-7E57B04EDD72}.Debug|x86.Build.0 = Debug|Win32
		{AE159CE4-C3F5-4402-A298-7E57B04EDD72}.Release|x64.ActiveCfg = Release|x64
		{AE159CE4-C3F5-4402-A298-7E57B04EDD72}.Release|x64.Build.0 = Release|x64
		{AE159CE4-C3F5-4402-A298-7E57B04EDD72}.Release|x86.ActiveCfg = Release|Win32
		{AE159CE4-C3F5-4402-A298-7E57B04EDD72}.Release|x86.Build.0 = Release|Win32
	EndGlobalSection
	GlobalSection(SolutionProperties) = preSolution
		HideSolutionNode = FALSE
	EndGlobalSection
	GlobalSection(ExtensibilityGlobals) = postSolution
		SolutionGuid = {FF250DBB-B40F-4C67-812C-EBA8B1BC5BCD}
	EndGlobalSection
EndGlobal
