
Microsoft Visual Studio Solution File, Format Version 12.00
# Visual Studio Version 16
VisualStudioVersion = 16.0.30128.74
MinimumVisualStudioVersion = 10.0.40219.1
Project("{8BC9CEB8-8B4A-11D0-8D11-00A0C91BC942}") = "chap7-21", "chap7-21\chap7-21.vcxproj", "{AF7541CE-AD3D-404D-82E0-2DEBAAE87D24}"
EndProject
Global
	GlobalSection(SolutionConfigurationPlatforms) = preSolution
		Debug|x64 = Debug|x64
		Debug|x86 = Debug|x86
		Release|x64 = Release|x64
		Release|x86 = Release|x86
	EndGlobalSection
	GlobalSection(ProjectConfigurationPlatforms) = postSolution
		{AF7541CE-AD3D-404D-82E0-2DEBAAE87D24}.Debug|x64.ActiveCfg = Debug|x64
		{AF7541CE-AD3D-404D-82E0-2DEBAAE87D24}.Debug|x64.Build.0 = Debug|x64
		{AF7541CE-AD3D-404D-82E0-2DEBAAE87D24}.Debug|x86.ActiveCfg = Debug|Win32
		{AF7541CE-AD3D-404D-82E0-2DEBAAE87D24}.Debug|x86.Build.0 = Debug|Win32
		{AF7541CE-AD3D-404D-82E0-2DEBAAE87D24}.Release|x64.ActiveCfg = Release|x64
		{AF7541CE-AD3D-404D-82E0-2DEBAAE87D24}.Release|x64.Build.0 = Release|x64
		{AF7541CE-AD3D-404D-82E0-2DEBAAE87D24}.Release|x86.ActiveCfg = Release|Win32
		{AF7541CE-AD3D-404D-82E0-2DEBAAE87D24}.Release|x86.Build.0 = Release|Win32
	EndGlobalSection
	GlobalSection(SolutionProperties) = preSolution
		HideSolutionNode = FALSE
	EndGlobalSection
	GlobalSection(ExtensibilityGlobals) = postSolution
		SolutionGuid = {3667D645-66DC-40BD-AD67-D2645726436C}
	EndGlobalSection
EndGlobal
