
Microsoft Visual Studio Solution File, Format Version 12.00
# Visual Studio Version 16
VisualStudioVersion = 16.0.29728.190
MinimumVisualStudioVersion = 10.0.40219.1
Project("{8BC9CEB8-8B4A-11D0-8D11-00A0C91BC942}") = "unit4-2h_file_IO", "unit4-2h_file_IO.vcxproj", "{0D6CA755-1745-4EA1-A70F-D2CF68DC5DCC}"
EndProject
Global
	GlobalSection(SolutionConfigurationPlatforms) = preSolution
		Debug|x64 = Debug|x64
		Debug|x86 = Debug|x86
		Release|x64 = Release|x64
		Release|x86 = Release|x86
	EndGlobalSection
	GlobalSection(ProjectConfigurationPlatforms) = postSolution
		{0D6CA755-1745-4EA1-A70F-D2CF68DC5DCC}.Debug|x64.ActiveCfg = Debug|x64
		{0D6CA755-1745-4EA1-A70F-D2CF68DC5DCC}.Debug|x64.Build.0 = Debug|x64
		{0D6CA755-1745-4EA1-A70F-D2CF68DC5DCC}.Debug|x86.ActiveCfg = Debug|Win32
		{0D6CA755-1745-4EA1-A70F-D2CF68DC5DCC}.Debug|x86.Build.0 = Debug|Win32
		{0D6CA755-1745-4EA1-A70F-D2CF68DC5DCC}.Release|x64.ActiveCfg = Release|x64
		{0D6CA755-1745-4EA1-A70F-D2CF68DC5DCC}.Release|x64.Build.0 = Release|x64
		{0D6CA755-1745-4EA1-A70F-D2CF68DC5DCC}.Release|x86.ActiveCfg = Release|Win32
		{0D6CA755-1745-4EA1-A70F-D2CF68DC5DCC}.Release|x86.Build.0 = Release|Win32
	EndGlobalSection
	GlobalSection(SolutionProperties) = preSolution
		HideSolutionNode = FALSE
	EndGlobalSection
	GlobalSection(ExtensibilityGlobals) = postSolution
		SolutionGuid = {10C2FA10-660F-42B1-B316-7B0C78FB09DE}
	EndGlobalSection
EndGlobal
