
Microsoft Visual Studio Solution File, Format Version 12.00
# Visual Studio Version 16
VisualStudioVersion = 16.0.30204.135
MinimumVisualStudioVersion = 10.0.40219.1
Project("{8BC9CEB8-8B4A-11D0-8D11-00A0C91BC942}") = "ArraysIntroduction", "ArraysIntroduction\ArraysIntroduction.vcxproj", "{D53F9A1B-AA6F-4D66-8EFA-8A5557CA1C52}"
EndProject
Global
	GlobalSection(SolutionConfigurationPlatforms) = preSolution
		Debug|x64 = Debug|x64
		Debug|x86 = Debug|x86
		Release|x64 = Release|x64
		Release|x86 = Release|x86
	EndGlobalSection
	GlobalSection(ProjectConfigurationPlatforms) = postSolution
		{D53F9A1B-AA6F-4D66-8EFA-8A5557CA1C52}.Debug|x64.ActiveCfg = Debug|x64
		{D53F9A1B-AA6F-4D66-8EFA-8A5557CA1C52}.Debug|x64.Build.0 = Debug|x64
		{D53F9A1B-AA6F-4D66-8EFA-8A5557CA1C52}.Debug|x86.ActiveCfg = Debug|Win32
		{D53F9A1B-AA6F-4D66-8EFA-8A5557CA1C52}.Debug|x86.Build.0 = Debug|Win32
		{D53F9A1B-AA6F-4D66-8EFA-8A5557CA1C52}.Release|x64.ActiveCfg = Release|x64
		{D53F9A1B-AA6F-4D66-8EFA-8A5557CA1C52}.Release|x64.Build.0 = Release|x64
		{D53F9A1B-AA6F-4D66-8EFA-8A5557CA1C52}.Release|x86.ActiveCfg = Release|Win32
		{D53F9A1B-AA6F-4D66-8EFA-8A5557CA1C52}.Release|x86.Build.0 = Release|Win32
	EndGlobalSection
	GlobalSection(SolutionProperties) = preSolution
		HideSolutionNode = FALSE
	EndGlobalSection
	GlobalSection(ExtensibilityGlobals) = postSolution
		SolutionGuid = {AA6AF372-4E03-440A-800B-724B4195AA12}
	EndGlobalSection
EndGlobal
