
Microsoft Visual Studio Solution File, Format Version 12.00
# Visual Studio Version 16
VisualStudioVersion = 16.0.30204.135
MinimumVisualStudioVersion = 10.0.40219.1
Project("{8BC9CEB8-8B4A-11D0-8D11-00A0C91BC942}") = "chap13-4", "chap13-4\chap13-4.vcxproj", "{260D7FAF-CC3E-4C9E-BED0-07587D35DBB1}"
EndProject
Global
	GlobalSection(SolutionConfigurationPlatforms) = preSolution
		Debug|x64 = Debug|x64
		Debug|x86 = Debug|x86
		Release|x64 = Release|x64
		Release|x86 = Release|x86
	EndGlobalSection
	GlobalSection(ProjectConfigurationPlatforms) = postSolution
		{260D7FAF-CC3E-4C9E-BED0-07587D35DBB1}.Debug|x64.ActiveCfg = Debug|x64
		{260D7FAF-CC3E-4C9E-BED0-07587D35DBB1}.Debug|x64.Build.0 = Debug|x64
		{260D7FAF-CC3E-4C9E-BED0-07587D35DBB1}.Debug|x86.ActiveCfg = Debug|Win32
		{260D7FAF-CC3E-4C9E-BED0-07587D35DBB1}.Debug|x86.Build.0 = Debug|Win32
		{260D7FAF-CC3E-4C9E-BED0-07587D35DBB1}.Release|x64.ActiveCfg = Release|x64
		{260D7FAF-CC3E-4C9E-BED0-07587D35DBB1}.Release|x64.Build.0 = Release|x64
		{260D7FAF-CC3E-4C9E-BED0-07587D35DBB1}.Release|x86.ActiveCfg = Release|Win32
		{260D7FAF-CC3E-4C9E-BED0-07587D35DBB1}.Release|x86.Build.0 = Release|Win32
	EndGlobalSection
	GlobalSection(SolutionProperties) = preSolution
		HideSolutionNode = FALSE
	EndGlobalSection
	GlobalSection(ExtensibilityGlobals) = postSolution
		SolutionGuid = {DAE85294-531B-471F-8680-3D8C5E333BF9}
	EndGlobalSection
EndGlobal
