
Microsoft Visual Studio Solution File, Format Version 12.00
# Visual Studio Version 16
VisualStudioVersion = 16.0.29728.190
MinimumVisualStudioVersion = 10.0.40219.1
Project("{8BC9CEB8-8B4A-11D0-8D11-00A0C91BC942}") = "unit11-10", "unit11-10.vcxproj", "{EFDC4D10-401C-45A8-B99E-844B2B306D30}"
EndProject
Global
	GlobalSection(SolutionConfigurationPlatforms) = preSolution
		Debug|x64 = Debug|x64
		Debug|x86 = Debug|x86
		Release|x64 = Release|x64
		Release|x86 = Release|x86
	EndGlobalSection
	GlobalSection(ProjectConfigurationPlatforms) = postSolution
		{EFDC4D10-401C-45A8-B99E-844B2B306D30}.Debug|x64.ActiveCfg = Debug|x64
		{EFDC4D10-401C-45A8-B99E-844B2B306D30}.Debug|x64.Build.0 = Debug|x64
		{EFDC4D10-401C-45A8-B99E-844B2B306D30}.Debug|x86.ActiveCfg = Debug|Win32
		{EFDC4D10-401C-45A8-B99E-844B2B306D30}.Debug|x86.Build.0 = Debug|Win32
		{EFDC4D10-401C-45A8-B99E-844B2B306D30}.Release|x64.ActiveCfg = Release|x64
		{EFDC4D10-401C-45A8-B99E-844B2B306D30}.Release|x64.Build.0 = Release|x64
		{EFDC4D10-401C-45A8-B99E-844B2B306D30}.Release|x86.ActiveCfg = Release|Win32
		{EFDC4D10-401C-45A8-B99E-844B2B306D30}.Release|x86.Build.0 = Release|Win32
	EndGlobalSection
	GlobalSection(SolutionProperties) = preSolution
		HideSolutionNode = FALSE
	EndGlobalSection
	GlobalSection(ExtensibilityGlobals) = postSolution
		SolutionGuid = {583E06C6-FFE0-4AE4-BFA5-A36AC5444090}
	EndGlobalSection
EndGlobal
