
Microsoft Visual Studio Solution File, Format Version 12.00
# Visual Studio Version 16
VisualStudioVersion = 16.0.30204.135
MinimumVisualStudioVersion = 10.0.40219.1
Project("{8BC9CEB8-8B4A-11D0-8D11-00A0C91BC942}") = "chap9-11", "chap9-11\chap9-11.vcxproj", "{91E317F9-12FA-4DBA-8FDD-85073F924048}"
EndProject
Global
	GlobalSection(SolutionConfigurationPlatforms) = preSolution
		Debug|x64 = Debug|x64
		Debug|x86 = Debug|x86
		Release|x64 = Release|x64
		Release|x86 = Release|x86
	EndGlobalSection
	GlobalSection(ProjectConfigurationPlatforms) = postSolution
		{91E317F9-12FA-4DBA-8FDD-85073F924048}.Debug|x64.ActiveCfg = Debug|x64
		{91E317F9-12FA-4DBA-8FDD-85073F924048}.Debug|x64.Build.0 = Debug|x64
		{91E317F9-12FA-4DBA-8FDD-85073F924048}.Debug|x86.ActiveCfg = Debug|Win32
		{91E317F9-12FA-4DBA-8FDD-85073F924048}.Debug|x86.Build.0 = Debug|Win32
		{91E317F9-12FA-4DBA-8FDD-85073F924048}.Release|x64.ActiveCfg = Release|x64
		{91E317F9-12FA-4DBA-8FDD-85073F924048}.Release|x64.Build.0 = Release|x64
		{91E317F9-12FA-4DBA-8FDD-85073F924048}.Release|x86.ActiveCfg = Release|Win32
		{91E317F9-12FA-4DBA-8FDD-85073F924048}.Release|x86.Build.0 = Release|Win32
	EndGlobalSection
	GlobalSection(SolutionProperties) = preSolution
		HideSolutionNode = FALSE
	EndGlobalSection
	GlobalSection(ExtensibilityGlobals) = postSolution
		SolutionGuid = {7F2ED265-AA3B-437A-97EE-BEC07E3FFCBD}
	EndGlobalSection
EndGlobal
